# This file was autogenerated by Stack.
# You should not edit this file by hand.
# For more information, please see the documentation at:
#   https://docs.haskellstack.org/en/stable/lock_files

packages:
- completed:
    hackage: netlist-0.3.1@sha256:f4f82b9f70ae89c19fb401599e10cf032d605d86a040538bb44cffc2fc70ed12,1096
    pantry-tree:
      size: 417
      sha256: f33431802d071d914cdab5110ceb5306558cb551db388b58d7fe075c154fc89d
  original:
    hackage: netlist-0.3.1
snapshots:
- completed:
    size: 523700
    url: https://raw.githubusercontent.com/commercialhaskell/stackage-snapshots/master/lts/14/7.yaml
    sha256: 8e3f3c894be74d71fa4bf085e0a8baae7e4d7622d07ea31a52736b80f8b9bb1a
  original: lts-14.7
